name: unlock

on:
  workflow_dispatch:
    inputs:
      release_version:
        description: Release version to be locked
        required: false

jobs:
  lock-or-unlock:
    runs-on: ubuntu-latest
    steps:
    - name: checkout
      uses: actions/checkout@v3
    - name: Run Branch Protection
      env:
        GH_TOKEN: ${{ secrets.GH_KEY }}
        REL: ${{github.event.inputs.release_version}}
      run: |
        curl -H "Authorization: bearer  $GH_TOKEN" -X POST -d '{ "query": "mutation { updateBranchProtectionRule( input:{lockBranch:false, branchProtectionRuleId:\"BPR_kwDOIlE6Oc4CLlH2\", pattern:\"release/*\"}) { branchProtectionRule { lockBranch }}}"}' https://api.github.com/graphql

